
Microsoft Visual Studio Solution File, Format Version 12.00
# Visual Studio Version 16
VisualStudioVersion = 16.0.29728.190
MinimumVisualStudioVersion = 10.0.40219.1
Project("{FAE04EC0-301F-11D3-BF4B-00C04F79EFBC}") = "ConsoleApp14", "ConsoleApp14\ConsoleApp14.csproj", "{4D920C1B-7B10-4482-A1D0-110928D768CE}"
EndProject
Project("{FAE04EC0-301F-11D3-BF4B-00C04F79EFBC}") = "NTierApp.DAL", "NTierApp.DAL\NTierApp.DAL.csproj", "{B0F10244-35BE-46D3-AB8C-9205629DF44B}"
EndProject
Project("{FAE04EC0-301F-11D3-BF4B-00C04F79EFBC}") = "NTierApp.BLL", "NTierApp.BLL\NTierApp.BLL.csproj", "{6C971347-45B5-46F8-9590-1D1B168B87BF}"
EndProject
Project("{FAE04EC0-301F-11D3-BF4B-00C04F79EFBC}") = "NTierApp.PL", "NTierApp.PL\NTierApp.PL.csproj", "{799521B0-F64B-4F85-9B8F-8F73E16099DB}"
EndProject
Global
	GlobalSection(SolutionConfigurationPlatforms) = preSolution
		Debug|Any CPU = Debug|Any CPU
		Release|Any CPU = Release|Any CPU
	EndGlobalSection
	GlobalSection(ProjectConfigurationPlatforms) = postSolution
		{4D920C1B-7B10-4482-A1D0-110928D768CE}.Debug|Any CPU.ActiveCfg = Debug|Any CPU
		{4D920C1B-7B10-4482-A1D0-110928D768CE}.Debug|Any CPU.Build.0 = Debug|Any CPU
		{4D920C1B-7B10-4482-A1D0-110928D768CE}.Release|Any CPU.ActiveCfg = Release|Any CPU
		{4D920C1B-7B10-4482-A1D0-110928D768CE}.Release|Any CPU.Build.0 = Release|Any CPU
		{B0F10244-35BE-46D3-AB8C-9205629DF44B}.Debug|Any CPU.ActiveCfg = Debug|Any CPU
		{B0F10244-35BE-46D3-AB8C-9205629DF44B}.Debug|Any CPU.Build.0 = Debug|Any CPU
		{B0F10244-35BE-46D3-AB8C-9205629DF44B}.Release|Any CPU.ActiveCfg = Release|Any CPU
		{B0F10244-35BE-46D3-AB8C-9205629DF44B}.Release|Any CPU.Build.0 = Release|Any CPU
		{6C971347-45B5-46F8-9590-1D1B168B87BF}.Debug|Any CPU.ActiveCfg = Debug|Any CPU
		{6C971347-45B5-46F8-9590-1D1B168B87BF}.Debug|Any CPU.Build.0 = Debug|Any CPU
		{6C971347-45B5-46F8-9590-1D1B168B87BF}.Release|Any CPU.ActiveCfg = Release|Any CPU
		{6C971347-45B5-46F8-9590-1D1B168B87BF}.Release|Any CPU.Build.0 = Release|Any CPU
		{799521B0-F64B-4F85-9B8F-8F73E16099DB}.Debug|Any CPU.ActiveCfg = Debug|Any CPU
		{799521B0-F64B-4F85-9B8F-8F73E16099DB}.Debug|Any CPU.Build.0 = Debug|Any CPU
		{799521B0-F64B-4F85-9B8F-8F73E16099DB}.Release|Any CPU.ActiveCfg = Release|Any CPU
		{799521B0-F64B-4F85-9B8F-8F73E16099DB}.Release|Any CPU.Build.0 = Release|Any CPU
	EndGlobalSection
	GlobalSection(SolutionProperties) = preSolution
		HideSolutionNode = FALSE
	EndGlobalSection
	GlobalSection(ExtensibilityGlobals) = postSolution
		SolutionGuid = {2E5DF01B-28AE-45D4-A4C3-7F3C58227DD5}
	EndGlobalSection
EndGlobal
